
Microsoft Visual Studio Solution File, Format Version 12.00
# Visual Studio Version 17
VisualStudioVersion = 17.11.35312.102
MinimumVisualStudioVersion = 10.0.40219.1
Project("{FAE04EC0-301F-11D3-BF4B-00C04F79EFBC}") = "Laboratorio12_1", "Laboratorio12_1\Laboratorio12_1.csproj", "{1573F6A0-7CDC-493F-A2F8-404355E89E72}"
EndProject
Project("{FAE04EC0-301F-11D3-BF4B-00C04F79EFBC}") = "Laboratorio12_2", "Laboratorio12_2\Laboratorio12_2.csproj", "{3C1CFD62-D6DB-4CBB-B8B0-035BEF393663}"
EndProject
Project("{FAE04EC0-301F-11D3-BF4B-00C04F79EFBC}") = "Laboratorio12_3", "Laboratorio12_3\Laboratorio12_3.csproj", "{F7F2C45D-B6A0-42B5-8ACB-4D93DAD14F4B}"
EndProject
Global
	GlobalSection(SolutionConfigurationPlatforms) = preSolution
		Debug|Any CPU = Debug|Any CPU
		Release|Any CPU = Release|Any CPU
	EndGlobalSection
	GlobalSection(ProjectConfigurationPlatforms) = postSolution
		{1573F6A0-7CDC-493F-A2F8-404355E89E72}.Debug|Any CPU.ActiveCfg = Debug|Any CPU
		{1573F6A0-7CDC-493F-A2F8-404355E89E72}.Debug|Any CPU.Build.0 = Debug|Any CPU
		{1573F6A0-7CDC-493F-A2F8-404355E89E72}.Release|Any CPU.ActiveCfg = Release|Any CPU
		{1573F6A0-7CDC-493F-A2F8-404355E89E72}.Release|Any CPU.Build.0 = Release|Any CPU
		{3C1CFD62-D6DB-4CBB-B8B0-035BEF393663}.Debug|Any CPU.ActiveCfg = Debug|Any CPU
		{3C1CFD62-D6DB-4CBB-B8B0-035BEF393663}.Debug|Any CPU.Build.0 = Debug|Any CPU
		{3C1CFD62-D6DB-4CBB-B8B0-035BEF393663}.Release|Any CPU.ActiveCfg = Release|Any CPU
		{3C1CFD62-D6DB-4CBB-B8B0-035BEF393663}.Release|Any CPU.Build.0 = Release|Any CPU
		{F7F2C45D-B6A0-42B5-8ACB-4D93DAD14F4B}.Debug|Any CPU.ActiveCfg = Debug|Any CPU
		{F7F2C45D-B6A0-42B5-8ACB-4D93DAD14F4B}.Debug|Any CPU.Build.0 = Debug|Any CPU
		{F7F2C45D-B6A0-42B5-8ACB-4D93DAD14F4B}.Release|Any CPU.ActiveCfg = Release|Any CPU
		{F7F2C45D-B6A0-42B5-8ACB-4D93DAD14F4B}.Release|Any CPU.Build.0 = Release|Any CPU
	EndGlobalSection
	GlobalSection(SolutionProperties) = preSolution
		HideSolutionNode = FALSE
	EndGlobalSection
	GlobalSection(ExtensibilityGlobals) = postSolution
		SolutionGuid = {18497410-1D10-432C-9038-71EA06C46F0B}
	EndGlobalSection
EndGlobal
